// !$*UTF8*$!
{
	archiveVersion = 1;
	classes = {
	};
	objectVersion = 50;
	objects = {

/* Begin PBXBuildFile section */
		3015E4D935FDED4E21C0A69C /* Pods_Rx_Swift.framework in Frameworks */ = {isa = PBXBuildFile; fileRef = 8CDF36CFC81792CE4C0E7B6B /* Pods_Rx_Swift.framework */; };
		641601FD22494D4F00D6CEA7 /* AppDelegate.swift in Sources */ = {isa = PBXBuildFile; fileRef = 641601FC22494D4F00D6CEA7 /* AppDelegate.swift */; };
		641601FF22494D4F00D6CEA7 /* ViewController.swift in Sources */ = {isa = PBXBuildFile; fileRef = 641601FE22494D4F00D6CEA7 /* ViewController.swift */; };
		6416020222494D4F00D6CEA7 /* Main.storyboard in Resources */ = {isa = PBXBuildFile; fileRef = 6416020022494D4F00D6CEA7 /* Main.storyboard */; };
		6416020422494D5000D6CEA7 /* Assets.xcassets in Resources */ = {isa = PBXBuildFile; fileRef = 6416020322494D5000D6CEA7 /* Assets.xcassets */; };
		6416020722494D5000D6CEA7 /* LaunchScreen.storyboard in Resources */ = {isa = PBXBuildFile; fileRef = 6416020522494D5000D6CEA7 /* LaunchScreen.storyboard */; };
/* End PBXBuildFile section */

/* Begin PBXFileReference section */
		6406852422610DEF0025DC53 /* RxSwift_Traits.playground */ = {isa = PBXFileReference; lastKnownFileType = file.playground; path = RxSwift_Traits.playground; sourceTree = "<group>"; xcLanguageSpecificationIdentifier = xcode.lang.swift; };
		6406852522611D850025DC53 /* RxSwift_Transforms.playground */ = {isa = PBXFileReference; lastKnownFileType = file.playground; path = RxSwift_Transforms.playground; sourceTree = "<group>"; xcLanguageSpecificationIdentifier = xcode.lang.swift; };
		640685262261247A0025DC53 /* RxSwift_Filters.playground */ = {isa = PBXFileReference; lastKnownFileType = file.playground; path = RxSwift_Filters.playground; sourceTree = "<group>"; xcLanguageSpecificationIdentifier = xcode.lang.swift; };
		641601F922494D4F00D6CEA7 /* Rx Swift.app */ = {isa = PBXFileReference; explicitFileType = wrapper.application; includeInIndex = 0; path = "Rx Swift.app"; sourceTree = BUILT_PRODUCTS_DIR; };
		641601FC22494D4F00D6CEA7 /* AppDelegate.swift */ = {isa = PBXFileReference; lastKnownFileType = sourcecode.swift; path = AppDelegate.swift; sourceTree = "<group>"; };
		641601FE22494D4F00D6CEA7 /* ViewController.swift */ = {isa = PBXFileReference; lastKnownFileType = sourcecode.swift; path = ViewController.swift; sourceTree = "<group>"; };
		6416020122494D4F00D6CEA7 /* Base */ = {isa = PBXFileReference; lastKnownFileType = file.storyboard; name = Base; path = Base.lproj/Main.storyboard; sourceTree = "<group>"; };
		6416020322494D5000D6CEA7 /* Assets.xcassets */ = {isa = PBXFileReference; lastKnownFileType = folder.assetcatalog; path = Assets.xcassets; sourceTree = "<group>"; };
		6416020622494D5000D6CEA7 /* Base */ = {isa = PBXFileReference; lastKnownFileType = file.storyboard; name = Base; path = Base.lproj/LaunchScreen.storyboard; sourceTree = "<group>"; };
		6416020822494D5000D6CEA7 /* Info.plist */ = {isa = PBXFileReference; lastKnownFileType = text.plist.xml; path = Info.plist; sourceTree = "<group>"; };
		6416020F22494E9D00D6CEA7 /* RxSwift.playground */ = {isa = PBXFileReference; lastKnownFileType = file.playground; path = RxSwift.playground; sourceTree = "<group>"; xcLanguageSpecificationIdentifier = xcode.lang.swift; };
		8CDF36CFC81792CE4C0E7B6B /* Pods_Rx_Swift.framework */ = {isa = PBXFileReference; explicitFileType = wrapper.framework; includeInIndex = 0; path = Pods_Rx_Swift.framework; sourceTree = BUILT_PRODUCTS_DIR; };
		C46D19433303894237CEA0FE /* Pods-Rx Swift.release.xcconfig */ = {isa = PBXFileReference; includeInIndex = 1; lastKnownFileType = text.xcconfig; name = "Pods-Rx Swift.release.xcconfig"; path = "Target Support Files/Pods-Rx Swift/Pods-Rx Swift.release.xcconfig"; sourceTree = "<group>"; };
		D5653D9CAE2D73CE31D7391B /* Pods-Rx Swift.debug.xcconfig */ = {isa = PBXFileReference; includeInIndex = 1; lastKnownFileType = text.xcconfig; name = "Pods-Rx Swift.debug.xcconfig"; path = "Target Support Files/Pods-Rx Swift/Pods-Rx Swift.debug.xcconfig"; sourceTree = "<group>"; };
/* End PBXFileReference section */

/* Begin PBXFrameworksBuildPhase section */
		641601F622494D4E00D6CEA7 /* Frameworks */ = {
			isa = PBXFrameworksBuildPhase;
			buildActionMask = 2147483647;
			files = (
				3015E4D935FDED4E21C0A69C /* Pods_Rx_Swift.framework in Frameworks */,
			);
			runOnlyForDeploymentPostprocessing = 0;
		};
/* End PBXFrameworksBuildPhase section */

/* Begin PBXGroup section */
		641601F022494D4E00D6CEA7 = {
			isa = PBXGroup;
			children = (
				641601FB22494D4F00D6CEA7 /* Rx Swift */,
				641601FA22494D4F00D6CEA7 /* Products */,
				C66255B133D529C42B261304 /* Pods */,
				ECFF7C8C576FAD05ED09B70B /* Frameworks */,
			);
			sourceTree = "<group>";
		};
		641601FA22494D4F00D6CEA7 /* Products */ = {
			isa = PBXGroup;
			children = (
				641601F922494D4F00D6CEA7 /* Rx Swift.app */,
			);
			name = Products;
			sourceTree = "<group>";
		};
		641601FB22494D4F00D6CEA7 /* Rx Swift */ = {
			isa = PBXGroup;
			children = (
				6416020F22494E9D00D6CEA7 /* RxSwift.playground */,
				6406852422610DEF0025DC53 /* RxSwift_Traits.playground */,
				6406852522611D850025DC53 /* RxSwift_Transforms.playground */,
				640685262261247A0025DC53 /* RxSwift_Filters.playground */,
				641601FC22494D4F00D6CEA7 /* AppDelegate.swift */,
				641601FE22494D4F00D6CEA7 /* ViewController.swift */,
				6416020022494D4F00D6CEA7 /* Main.storyboard */,
				6416020322494D5000D6CEA7 /* Assets.xcassets */,
				6416020522494D5000D6CEA7 /* LaunchScreen.storyboard */,
				6416020822494D5000D6CEA7 /* Info.plist */,
			);
			path = "Rx Swift";
			sourceTree = "<group>";
		};
		C66255B133D529C42B261304 /* Pods */ = {
			isa = PBXGroup;
			children = (
				D5653D9CAE2D73CE31D7391B /* Pods-Rx Swift.debug.xcconfig */,
				C46D19433303894237CEA0FE /* Pods-Rx Swift.release.xcconfig */,
			);
			path = Pods;
			sourceTree = "<group>";
		};
		ECFF7C8C576FAD05ED09B70B /* Frameworks */ = {
			isa = PBXGroup;
			children = (
				8CDF36CFC81792CE4C0E7B6B /* Pods_Rx_Swift.framework */,
			);
			name = Frameworks;
			sourceTree = "<group>";
		};
/* End PBXGroup section */

/* Begin PBXNativeTarget section */
		641601F822494D4E00D6CEA7 /* Rx Swift */ = {
			isa = PBXNativeTarget;
			buildConfigurationList = 6416020B22494D5000D6CEA7 /* Build configuration list for PBXNativeTarget "Rx Swift" */;
			buildPhases = (
				5DD29038CD1FE1017445AB27 /* [CP] Check Pods Manifest.lock */,
				641601F522494D4E00D6CEA7 /* Sources */,
				641601F622494D4E00D6CEA7 /* Frameworks */,
				641601F722494D4E00D6CEA7 /* Resources */,
				8F3D327057D584C76D8E4AC4 /* [CP] Embed Pods Frameworks */,
			);
			buildRules = (
			);
			dependencies = (
			);
			name = "Rx Swift";
			productName = "Rx Swift";
			productReference = 641601F922494D4F00D6CEA7 /* Rx Swift.app */;
			productType = "com.apple.product-type.application";
		};
/* End PBXNativeTarget section */

/* Begin PBXProject section */
		641601F122494D4E00D6CEA7 /* Project object */ = {
			isa = PBXProject;
			attributes = {
				LastSwiftUpdateCheck = 1010;
				LastUpgradeCheck = 1010;
				ORGANIZATIONNAME = Superdigital;
				TargetAttributes = {
					641601F822494D4E00D6CEA7 = {
						CreatedOnToolsVersion = 10.1;
					};
				};
			};
			buildConfigurationList = 641601F422494D4E00D6CEA7 /* Build configuration list for PBXProject "Rx Swift" */;
			compatibilityVersion = "Xcode 9.3";
			developmentRegion = en;
			hasScannedForEncodings = 0;
			knownRegions = (
				en,
				Base,
			);
			mainGroup = 641601F022494D4E00D6CEA7;
			productRefGroup = 641601FA22494D4F00D6CEA7 /* Products */;
			projectDirPath = "";
			projectRoot = "";
			targets = (
				641601F822494D4E00D6CEA7 /* Rx Swift */,
			);
		};
/* End PBXProject section */

/* Begin PBXResourcesBuildPhase section */
		641601F722494D4E00D6CEA7 /* Resources */ = {
			isa = PBXResourcesBuildPhase;
			buildActionMask = 2147483647;
			files = (
				6416020722494D5000D6CEA7 /* LaunchScreen.storyboard in Resources */,
				6416020422494D5000D6CEA7 /* Assets.xcassets in Resources */,
				6416020222494D4F00D6CEA7 /* Main.storyboard in Resources */,
			);
			runOnlyForDeploymentPostprocessing = 0;
		};
/* End PBXResourcesBuildPhase section */

/* Begin PBXShellScriptBuildPhase section */
		5DD29038CD1FE1017445AB27 /* [CP] Check Pods Manifest.lock */ = {
			isa = PBXShellScriptBuildPhase;
			buildActionMask = 2147483647;
			files = (
			);
			inputFileListPaths = (
			);
			inputPaths = (
				"${PODS_PODFILE_DIR_PATH}/Podfile.lock",
				"${PODS_ROOT}/Manifest.lock",
			);
			name = "[CP] Check Pods Manifest.lock";
			outputFileListPaths = (
			);
			outputPaths = (
				"$(DERIVED_FILE_DIR)/Pods-Rx Swift-checkManifestLockResult.txt",
			);
			runOnlyForDeploymentPostprocessing = 0;
			shellPath = /bin/sh;
			shellScript = "diff \"${PODS_PODFILE_DIR_PATH}/Podfile.lock\" \"${PODS_ROOT}/Manifest.lock\" > /dev/null\nif [ $? != 0 ] ; then\n    # print error to STDERR\n    echo \"error: The sandbox is not in sync with the Podfile.lock. Run 'pod install' or update your CocoaPods installation.\" >&2\n    exit 1\nfi\n# This output is used by Xcode 'outputs' to avoid re-running this script phase.\necho \"SUCCESS\" > \"${SCRIPT_OUTPUT_FILE_0}\"\n";
			showEnvVarsInLog = 0;
		};
		8F3D327057D584C76D8E4AC4 /* [CP] Embed Pods Frameworks */ = {
			isa = PBXShellScriptBuildPhase;
			buildActionMask = 2147483647;
			files = (
			);
			inputFileListPaths = (
			);
			inputPaths = (
				"${PODS_ROOT}/Target Support Files/Pods-Rx Swift/Pods-Rx Swift-frameworks.sh",
				"${BUILT_PRODUCTS_DIR}/RxAtomic/RxAtomic.framework",
				"${BUILT_PRODUCTS_DIR}/RxCocoa/RxCocoa.framework",
				"${BUILT_PRODUCTS_DIR}/RxSwift/RxSwift.framework",
			);
			name = "[CP] Embed Pods Frameworks";
			outputFileListPaths = (
			);
			outputPaths = (
				"${TARGET_BUILD_DIR}/${FRAMEWORKS_FOLDER_PATH}/RxAtomic.framework",
				"${TARGET_BUILD_DIR}/${FRAMEWORKS_FOLDER_PATH}/RxCocoa.framework",
				"${TARGET_BUILD_DIR}/${FRAMEWORKS_FOLDER_PATH}/RxSwift.framework",
			);
			runOnlyForDeploymentPostprocessing = 0;
			shellPath = /bin/sh;
			shellScript = "\"${PODS_ROOT}/Target Support Files/Pods-Rx Swift/Pods-Rx Swift-frameworks.sh\"\n";
			showEnvVarsInLog = 0;
		};
/* End PBXShellScriptBuildPhase section */

/* Begin PBXSourcesBuildPhase section */
		641601F522494D4E00D6CEA7 /* Sources */ = {
			isa = PBXSourcesBuildPhase;
			buildActionMask = 2147483647;
			files = (
				641601FF22494D4F00D6CEA7 /* ViewController.swift in Sources */,
				641601FD22494D4F00D6CEA7 /* AppDelegate.swift in Sources */,
			);
			runOnlyForDeploymentPostprocessing = 0;
		};
/* End PBXSourcesBuildPhase section */

/* Begin PBXVariantGroup section */
		6416020022494D4F00D6CEA7 /* Main.storyboard */ = {
			isa = PBXVariantGroup;
			children = (
				6416020122494D4F00D6CEA7 /* Base */,
			);
			name = Main.storyboard;
			sourceTree = "<group>";
		};
		6416020522494D5000D6CEA7 /* LaunchScreen.storyboard */ = {
			isa = PBXVariantGroup;
			children = (
				6416020622494D5000D6CEA7 /* Base */,
			);
			name = LaunchScreen.storyboard;
			sourceTree = "<group>";
		};
/* End PBXVariantGroup section */

/* Begin XCBuildConfiguration section */
		6416020922494D5000D6CEA7 /* Debug */ = {
			isa = XCBuildConfiguration;
			buildSettings = {
				ALWAYS_SEARCH_USER_PATHS = NO;
				CLANG_ANALYZER_NONNULL = YES;
				CLANG_ANALYZER_NUMBER_OBJECT_CONVERSION = YES_AGGRESSIVE;
				CLANG_CXX_LANGUAGE_STANDARD = "gnu++14";
				CLANG_CXX_LIBRARY = "libc++";
				CLANG_ENABLE_MODULES = YES;
				CLANG_ENABLE_OBJC_ARC = YES;
				CLANG_ENABLE_OBJC_WEAK = YES;
				CLANG_WARN_BLOCK_CAPTURE_AUTORELEASING = YES;
				CLANG_WARN_BOOL_CONVERSION = YES;
				CLANG_WARN_COMMA = YES;
				CLANG_WARN_CONSTANT_CONVERSION = YES;
				CLANG_WARN_DEPRECATED_OBJC_IMPLEMENTATIONS = YES;
				CLANG_WARN_DIRECT_OBJC_ISA_USAGE = YES_ERROR;
				CLANG_WARN_DOCUMENTATION_COMMENTS = YES;
				CLANG_WARN_EMPTY_BODY = YES;
				CLANG_WARN_ENUM_CONVERSION = YES;
				CLANG_WARN_INFINITE_RECURSION = YES;
				CLANG_WARN_INT_CONVERSION = YES;
				CLANG_WARN_NON_LITERAL_NULL_CONVERSION = YES;
				CLANG_WARN_OBJC_IMPLICIT_RETAIN_SELF = YES;
				CLANG_WARN_OBJC_LITERAL_CONVERSION = YES;
				CLANG_WARN_OBJC_ROOT_CLASS = YES_ERROR;
				CLANG_WARN_RANGE_LOOP_ANALYSIS = YES;
				CLANG_WARN_STRICT_PROTOTYPES = YES;
				CLANG_WARN_SUSPICIOUS_MOVE = YES;
				CLANG_WARN_UNGUARDED_AVAILABILITY = YES_AGGRESSIVE;
				CLANG_WARN_UNREACHABLE_CODE = YES;
				CLANG_WARN__DUPLICATE_METHOD_MATCH = YES;
				CODE_SIGN_IDENTITY = "iPhone Developer";
				COPY_PHASE_STRIP = NO;
				DEBUG_INFORMATION_FORMAT = dwarf;
				ENABLE_STRICT_OBJC_MSGSEND = YES;
				ENABLE_TESTABILITY = YES;
				GCC_C_LANGUAGE_STANDARD = gnu11;
				GCC_DYNAMIC_NO_PIC = NO;
				GCC_NO_COMMON_BLOCKS = YES;
				GCC_OPTIMIZATION_LEVEL = 0;
				GCC_PREPROCESSOR_DEFINITIONS = (
					"DEBUG=1",
					"$(inherited)",
				);
				GCC_WARN_64_TO_32_BIT_CONVERSION = YES;
				GCC_WARN_ABOUT_RETURN_TYPE = YES_ERROR;
				GCC_WARN_UNDECLARED_SELECTOR = YES;
				GCC_WARN_UNINITIALIZED_AUTOS = YES_AGGRESSIVE;
				GCC_WARN_UNUSED_FUNCTION = YES;
				GCC_WARN_UNUSED_VARIABLE = YES;
				IPHONEOS_DEPLOYMENT_TARGET = 12.1;
				MTL_ENABLE_DEBUG_INFO = INCLUDE_SOURCE;
				MTL_FAST_MATH = YES;
				ONLY_ACTIVE_ARCH = YES;
				SDKROOT = iphoneos;
				SWIFT_ACTIVE_COMPILATION_CONDITIONS = DEBUG;
				SWIFT_OPTIMIZATION_LEVEL = "-Onone";
			};
			name = Debug;
		};
		6416020A22494D5000D6CEA7 /* Release */ = {
			isa = XCBuildConfiguration;
			buildSettings = {
				ALWAYS_SEARCH_USER_PATHS = NO;
				CLANG_ANALYZER_NONNULL = YES;
				CLANG_ANALYZER_NUMBER_OBJECT_CONVERSION = YES_AGGRESSIVE;
				CLANG_CXX_LANGUAGE_STANDARD = "gnu++14";
				CLANG_CXX_LIBRARY = "libc++";
				CLANG_ENABLE_MODULES = YES;
				CLANG_ENABLE_OBJC_ARC = YES;
				CLANG_ENABLE_OBJC_WEAK = YES;
				CLANG_WARN_BLOCK_CAPTURE_AUTORELEASING = YES;
				CLANG_WARN_BOOL_CONVERSION = YES;
				CLANG_WARN_COMMA = YES;
				CLANG_WARN_CONSTANT_CONVERSION = YES;
				CLANG_WARN_DEPRECATED_OBJC_IMPLEMENTATIONS = YES;
				CLANG_WARN_DIRECT_OBJC_ISA_USAGE = YES_ERROR;
				CLANG_WARN_DOCUMENTATION_COMMENTS = YES;
				CLANG_WARN_EMPTY_BODY = YES;
				CLANG_WARN_ENUM_CONVERSION = YES;
				CLANG_WARN_INFINITE_RECURSION = YES;
				CLANG_WARN_INT_CONVERSION = YES;
				CLANG_WARN_NON_LITERAL_NULL_CONVERSION = YES;
				CLANG_WARN_OBJC_IMPLICIT_RETAIN_SELF = YES;
				CLANG_WARN_OBJC_LITERAL_CONVERSION = YES;
				CLANG_WARN_OBJC_ROOT_CLASS = YES_ERROR;
				CLANG_WARN_RANGE_LOOP_ANALYSIS = YES;
				CLANG_WARN_STRICT_PROTOTYPES = YES;
				CLANG_WARN_SUSPICIOUS_MOVE = YES;
				CLANG_WARN_UNGUARDED_AVAILABILITY = YES_AGGRESSIVE;
				CLANG_WARN_UNREACHABLE_CODE = YES;
				CLANG_WARN__DUPLICATE_METHOD_MATCH = YES;
				CODE_SIGN_IDENTITY = "iPhone Developer";
				COPY_PHASE_STRIP = NO;
				DEBUG_INFORMATION_FORMAT = "dwarf-with-dsym";
				ENABLE_NS_ASSERTIONS = NO;
				ENABLE_STRICT_OBJC_MSGSEND = YES;
				GCC_C_LANGUAGE_STANDARD = gnu11;
				GCC_NO_COMMON_BLOCKS = YES;
				GCC_WARN_64_TO_32_BIT_CONVERSION = YES;
				GCC_WARN_ABOUT_RETURN_TYPE = YES_ERROR;
				GCC_WARN_UNDECLARED_SELECTOR = YES;
				GCC_WARN_UNINITIALIZED_AUTOS = YES_AGGRESSIVE;
				GCC_WARN_UNUSED_FUNCTION = YES;
				GCC_WARN_UNUSED_VARIABLE = YES;
				IPHONEOS_DEPLOYMENT_TARGET = 12.1;
				MTL_ENABLE_DEBUG_INFO = NO;
				MTL_FAST_MATH = YES;
				SDKROOT = iphoneos;
				SWIFT_COMPILATION_MODE = wholemodule;
				SWIFT_OPTIMIZATION_LEVEL = "-O";
				VALIDATE_PRODUCT = YES;
			};
			name = Release;
		};
		6416020C22494D5000D6CEA7 /* Debug */ = {
			isa = XCBuildConfiguration;
			baseConfigurationReference = D5653D9CAE2D73CE31D7391B /* Pods-Rx Swift.debug.xcconfig */;
			buildSettings = {
				ASSETCATALOG_COMPILER_APPICON_NAME = AppIcon;
				CODE_SIGN_STYLE = Automatic;
				DEVELOPMENT_TEAM = RHM63PV7ML;
				INFOPLIST_FILE = "Rx Swift/Info.plist";
				LD_RUNPATH_SEARCH_PATHS = (
					"$(inherited)",
					"@executable_path/Frameworks",
				);
				PRODUCT_BUNDLE_IDENTIFIER = "com.pedrocedro.Rx-Swift";
				PRODUCT_NAME = "$(TARGET_NAME)";
				SWIFT_VERSION = 4.2;
				TARGETED_DEVICE_FAMILY = "1,2";
			};
			name = Debug;
		};
		6416020D22494D5000D6CEA7 /* Release */ = {
			isa = XCBuildConfiguration;
			baseConfigurationReference = C46D19433303894237CEA0FE /* Pods-Rx Swift.release.xcconfig */;
			buildSettings = {
				ASSETCATALOG_COMPILER_APPICON_NAME = AppIcon;
				CODE_SIGN_STYLE = Automatic;
				DEVELOPMENT_TEAM = RHM63PV7ML;
				INFOPLIST_FILE = "Rx Swift/Info.plist";
				LD_RUNPATH_SEARCH_PATHS = (
					"$(inherited)",
					"@executable_path/Frameworks",
				);
				PRODUCT_BUNDLE_IDENTIFIER = "com.pedrocedro.Rx-Swift";
				PRODUCT_NAME = "$(TARGET_NAME)";
				SWIFT_VERSION = 4.2;
				TARGETED_DEVICE_FAMILY = "1,2";
			};
			name = Release;
		};
/* End XCBuildConfiguration section */

/* Begin XCConfigurationList section */
		641601F422494D4E00D6CEA7 /* Build configuration list for PBXProject "Rx Swift" */ = {
			isa = XCConfigurationList;
			buildConfigurations = (
				6416020922494D5000D6CEA7 /* Debug */,
				6416020A22494D5000D6CEA7 /* Release */,
			);
			defaultConfigurationIsVisible = 0;
			defaultConfigurationName = Release;
		};
		6416020B22494D5000D6CEA7 /* Build configuration list for PBXNativeTarget "Rx Swift" */ = {
			isa = XCConfigurationList;
			buildConfigurations = (
				6416020C22494D5000D6CEA7 /* Debug */,
				6416020D22494D5000D6CEA7 /* Release */,
			);
			defaultConfigurationIsVisible = 0;
			defaultConfigurationName = Release;
		};
/* End XCConfigurationList section */
	};
	rootObject = 641601F122494D4E00D6CEA7 /* Project object */;
}
